{
  "name": "@typeberry/native-workspace",
  "version": "0.0.1",
  "lockfileVersion": 3,
  "requires": true,
  "packages": {
    "": {
      "name": "@typeberry/native-workspace",
      "version": "0.0.1",
      "license": "MPL-2.0",
      "workspaces": [
        "bandersnatch",
        "ed25519",
        "reed-solomon",
        "native"
      ],
      "devDependencies": {
        "@rollup/plugin-wasm": "^6.2.2",
        "rolldown": "^1.0.0-beta.36"
      },
      "engines": {
        "node": ">=22",
        "npm": ">=10"
      }
    },
    "bandersnatch": {
      "name": "@typeberry/bandersnatch",
      "version": "0.0.1",
      "license": "MPL-2.0"
    },
    "ed25519": {
      "name": "@typeberry/ed25519",
      "version": "0.0.1",
      "license": "MPL-2.0"
    },
    "native": {
      "name": "@typeberry/native",
      "version": "0.0.1",
      "license": "MPL-2.0",
      "dependencies": {
        "typescript": "5.6.3"
      }
    },
    "node_modules/@emnapi/core": {
      "version": "1.5.0",
      "resolved": "https://registry.npmjs.org/@emnapi/core/-/core-1.5.0.tgz",
      "integrity": "sha512-sbP8GzB1WDzacS8fgNPpHlp6C9VZe+SJP3F90W9rLemaQj2PzIuTEl1qDOYQf58YIpyjViI24y9aPWCjEzY2cg==",
      "dev": true,
      "license": "MIT",
      "optional": true,
      "dependencies": {
        "@emnapi/wasi-threads": "1.1.0",
        "tslib": "^2.4.0"
      }
    },
    "node_modules/@emnapi/runtime": {
      "version": "1.5.0",
      "resolved": "https://registry.npmjs.org/@emnapi/runtime/-/runtime-1.5.0.tgz",
      "integrity": "sha512-97/BJ3iXHww3djw6hYIfErCZFee7qCtrneuLa20UXFCOTCfBM2cvQHjWJ2EG0s0MtdNwInarqCTz35i4wWXHsQ==",
      "dev": true,
      "license": "MIT",
      "optional": true,
      "dependencies": {
        "tslib": "^2.4.0"
      }
    },
    "node_modules/@emnapi/wasi-threads": {
      "version": "1.1.0",
      "resolved": "https://registry.npmjs.org/@emnapi/wasi-threads/-/wasi-threads-1.1.0.tgz",
      "integrity": "sha512-WI0DdZ8xFSbgMjR1sFsKABJ/C5OnRrjT06JXbZKexJGrDuPTzZdDYfFlsgcCXCyf+suG5QU2e/y1Wo2V/OapLQ==",
      "dev": true,
      "license": "MIT",
      "optional": true,
      "dependencies": {
        "tslib": "^2.4.0"
      }
    },
    "node_modules/@napi-rs/wasm-runtime": {
      "version": "1.0.3",
      "resolved": "https://registry.npmjs.org/@napi-rs/wasm-runtime/-/wasm-runtime-1.0.3.tgz",
      "integrity": "sha512-rZxtMsLwjdXkMUGC3WwsPwLNVqVqnTJT6MNIB6e+5fhMcSCPP0AOsNWuMQ5mdCq6HNjs/ZeWAEchpqeprqBD2Q==",
      "dev": true,
      "license": "MIT",
      "optional": true,
      "dependencies": {
        "@emnapi/core": "^1.4.5",
        "@emnapi/runtime": "^1.4.5",
        "@tybys/wasm-util": "^0.10.0"
      }
    },
    "node_modules/@oxc-project/runtime": {
      "version": "0.87.0",
      "resolved": "https://registry.npmjs.org/@oxc-project/runtime/-/runtime-0.87.0.tgz",
      "integrity": "sha512-ky2Hqi2q/uGX36UfY79zxMbUqiNIl1RyKKVJfFenG70lbn+/fcaKBVTbhmUwn8a2wPyv2gNtDQxuDytbKX9giQ==",
      "dev": true,
      "license": "MIT",
      "engines": {
        "node": ">=6.9.0"
      }
    },
    "node_modules/@oxc-project/types": {
      "version": "0.87.0",
      "resolved": "https://registry.npmjs.org/@oxc-project/types/-/types-0.87.0.tgz",
      "integrity": "sha512-ipZFWVGE9fADBVXXWJWY/cxpysc41Gt5upKDeb32F6WMgFyO7XETUMVq8UuREKCih+Km5E6p2VhEvf6Fuhey6g==",
      "dev": true,
      "license": "MIT",
      "funding": {
        "url": "https://github.com/sponsors/Boshen"
      }
    },
    "node_modules/@rolldown/binding-android-arm64": {
      "version": "1.0.0-beta.36",
      "resolved": "https://registry.npmjs.org/@rolldown/binding-android-arm64/-/binding-android-arm64-1.0.0-beta.36.tgz",
      "integrity": "sha512-0y4+MDSw9GzX4VZtATiygDv+OtijxsRtNBZW6qA3OUGi0fq6Gq+MnvFHMjdJxz3mv/thIHMmJ0AL7d8urYBCUw==",
      "cpu": [
        "arm64"
      ],
      "dev": true,
      "license": "MIT",
      "optional": true,
      "os": [
        "android"
      ],
      "engines": {
        "node": "^20.19.0 || >=22.12.0"
      }
    },
    "node_modules/@rolldown/binding-darwin-arm64": {
      "version": "1.0.0-beta.36",
      "resolved": "https://registry.npmjs.org/@rolldown/binding-darwin-arm64/-/binding-darwin-arm64-1.0.0-beta.36.tgz",
      "integrity": "sha512-F/xv0vsxXuwpyecy3GMpXPhRLI4WogQkSYYl6hh61OfmyX4lxsemSoYQ5nlK/MopdVaT111wS1dRO2eXgzBHuA==",
      "cpu": [
        "arm64"
      ],
      "dev": true,
      "license": "MIT",
      "optional": true,
      "os": [
        "darwin"
      ],
      "engines": {
        "node": "^20.19.0 || >=22.12.0"
      }
    },
    "node_modules/@rolldown/binding-darwin-x64": {
      "version": "1.0.0-beta.36",
      "resolved": "https://registry.npmjs.org/@rolldown/binding-darwin-x64/-/binding-darwin-x64-1.0.0-beta.36.tgz",
      "integrity": "sha512-FX3x/GSybYRt4/fUljqIMuB7JRJThxnwzjK9Ka4qKwSw92RNmxRtw+NEkpuKq/Tzcq5qpnvSWudKmjcbBSMH1g==",
      "cpu": [
        "x64"
      ],
      "dev": true,
      "license": "MIT",
      "optional": true,
      "os": [
        "darwin"
      ],
      "engines": {
        "node": "^20.19.0 || >=22.12.0"
      }
    },
    "node_modules/@rolldown/binding-freebsd-x64": {
      "version": "1.0.0-beta.36",
      "resolved": "https://registry.npmjs.org/@rolldown/binding-freebsd-x64/-/binding-freebsd-x64-1.0.0-beta.36.tgz",
      "integrity": "sha512-j7Y/OG4XxICRgGMLB7VVbROAzdnvtr0ZTBBYnv53KZESE97Ta4zXfGhEe+EiXLRKW8JWSMeNumOaBrWAXDMiZQ==",
      "cpu": [
        "x64"
      ],
      "dev": true,
      "license": "MIT",
      "optional": true,
      "os": [
        "freebsd"
      ],
      "engines": {
        "node": "^20.19.0 || >=22.12.0"
      }
    },
    "node_modules/@rolldown/binding-linux-arm-gnueabihf": {
      "version": "1.0.0-beta.36",
      "resolved": "https://registry.npmjs.org/@rolldown/binding-linux-arm-gnueabihf/-/binding-linux-arm-gnueabihf-1.0.0-beta.36.tgz",
      "integrity": "sha512-j3rDknokIJZ+iVGjWw2cVRgKLmk9boUoHtp2k3Ba6p7vWIv+D/YypQKHxAayyzvUkxTBZsw64Ojq5/zrytRODA==",
      "cpu": [
        "arm"
      ],
      "dev": true,
      "license": "MIT",
      "optional": true,
      "os": [
        "linux"
      ],
      "engines": {
        "node": "^20.19.0 || >=22.12.0"
      }
    },
    "node_modules/@rolldown/binding-linux-arm64-gnu": {
      "version": "1.0.0-beta.36",
      "resolved": "https://registry.npmjs.org/@rolldown/binding-linux-arm64-gnu/-/binding-linux-arm64-gnu-1.0.0-beta.36.tgz",
      "integrity": "sha512-7Ds2nl3ZhC0eaSJnw7dQ5uCK1cmaBKC+EL7IIpjTpzqY10y1xCn5w6gTFKzpqKhD2nSraY4MHOyAnE+zmSAZRA==",
      "cpu": [
        "arm64"
      ],
      "dev": true,
      "license": "MIT",
      "optional": true,
      "os": [
        "linux"
      ],
      "engines": {
        "node": "^20.19.0 || >=22.12.0"
      }
    },
    "node_modules/@rolldown/binding-linux-arm64-musl": {
      "version": "1.0.0-beta.36",
      "resolved": "https://registry.npmjs.org/@rolldown/binding-linux-arm64-musl/-/binding-linux-arm64-musl-1.0.0-beta.36.tgz",
      "integrity": "sha512-0Qa4b3gv956iSdJQplV1xdI9ALbEdNo5xsFpcLU4mW2A+CqWNenVHqcHbCvwvKTP07yX6yoUvUqZR1CBxxQShg==",
      "cpu": [
        "arm64"
      ],
      "dev": true,
      "license": "MIT",
      "optional": true,
      "os": [
        "linux"
      ],
      "engines": {
        "node": "^20.19.0 || >=22.12.0"
      }
    },
    "node_modules/@rolldown/binding-linux-x64-gnu": {
      "version": "1.0.0-beta.36",
      "resolved": "https://registry.npmjs.org/@rolldown/binding-linux-x64-gnu/-/binding-linux-x64-gnu-1.0.0-beta.36.tgz",
      "integrity": "sha512-wUdZljtx9W1V9KlnmwPgF0o2ZPFq2zffr/q+wM+GUrSFIJNmP9w0zgyl1coCt1ESnNyYYyJh8T1bqvx8+16SqA==",
      "cpu": [
        "x64"
      ],
      "dev": true,
      "license": "MIT",
      "optional": true,
      "os": [
        "linux"
      ],
      "engines": {
        "node": "^20.19.0 || >=22.12.0"
      }
    },
    "node_modules/@rolldown/binding-linux-x64-musl": {
      "version": "1.0.0-beta.36",
      "resolved": "https://registry.npmjs.org/@rolldown/binding-linux-x64-musl/-/binding-linux-x64-musl-1.0.0-beta.36.tgz",
      "integrity": "sha512-Up56sJMDSKYi92/28lq9xB2wonuCwVnqBzjRnKmQauZJ5QOor9h1RtcMeCzSxg4ReMsNvrdYomBogewcZgKEww==",
      "cpu": [
        "x64"
      ],
      "dev": true,
      "license": "MIT",
      "optional": true,
      "os": [
        "linux"
      ],
      "engines": {
        "node": "^20.19.0 || >=22.12.0"
      }
    },
    "node_modules/@rolldown/binding-openharmony-arm64": {
      "version": "1.0.0-beta.36",
      "resolved": "https://registry.npmjs.org/@rolldown/binding-openharmony-arm64/-/binding-openharmony-arm64-1.0.0-beta.36.tgz",
      "integrity": "sha512-qX3covX7EX00yrgQl3oi8GuRTS1XFe+YHm+sGsxQvPok+r7Ct2eDFpLmmw7wajZ2SuvAJYSo/9BXLSCGR0ve2w==",
      "cpu": [
        "arm64"
      ],
      "dev": true,
      "license": "MIT",
      "optional": true,
      "os": [
        "openharmony"
      ],
      "engines": {
        "node": "^20.19.0 || >=22.12.0"
      }
    },
    "node_modules/@rolldown/binding-wasm32-wasi": {
      "version": "1.0.0-beta.36",
      "resolved": "https://registry.npmjs.org/@rolldown/binding-wasm32-wasi/-/binding-wasm32-wasi-1.0.0-beta.36.tgz",
      "integrity": "sha512-phFsiR97/nbQEtyo5GTPX4h/Ootz0Pdd7P7+gTmkiashePwPUik5aoMAluvzY1tTUAfhdrFR2Y8WiWbnxnsSrQ==",
      "cpu": [
        "wasm32"
      ],
      "dev": true,
      "license": "MIT",
      "optional": true,
      "dependencies": {
        "@napi-rs/wasm-runtime": "^1.0.3"
      },
      "engines": {
        "node": ">=14.0.0"
      }
    },
    "node_modules/@rolldown/binding-win32-arm64-msvc": {
      "version": "1.0.0-beta.36",
      "resolved": "https://registry.npmjs.org/@rolldown/binding-win32-arm64-msvc/-/binding-win32-arm64-msvc-1.0.0-beta.36.tgz",
      "integrity": "sha512-dvvByfl7TRVhD9zY/VJ94hOVJmpN8Cfxl/A77yJ/oKV67IPEXx9hRUIhuL/V9eJ0RphNbLo4VKxdVuZ+wzEWTA==",
      "cpu": [
        "arm64"
      ],
      "dev": true,
      "license": "MIT",
      "optional": true,
      "os": [
        "win32"
      ],
      "engines": {
        "node": "^20.19.0 || >=22.12.0"
      }
    },
    "node_modules/@rolldown/binding-win32-ia32-msvc": {
      "version": "1.0.0-beta.36",
      "resolved": "https://registry.npmjs.org/@rolldown/binding-win32-ia32-msvc/-/binding-win32-ia32-msvc-1.0.0-beta.36.tgz",
      "integrity": "sha512-n7odfY4zatppNGY/EE8wE8B78wIxlQzBaY7Ycyjun+HvYu4dJgz8A4JCKHhyYYoEA8+VXO167Or4EJ9SyBLNnw==",
      "cpu": [
        "ia32"
      ],
      "dev": true,
      "license": "MIT",
      "optional": true,
      "os": [
        "win32"
      ],
      "engines": {
        "node": "^20.19.0 || >=22.12.0"
      }
    },
    "node_modules/@rolldown/binding-win32-x64-msvc": {
      "version": "1.0.0-beta.36",
      "resolved": "https://registry.npmjs.org/@rolldown/binding-win32-x64-msvc/-/binding-win32-x64-msvc-1.0.0-beta.36.tgz",
      "integrity": "sha512-ik9dlOa/bhRk+8NmbqCEZm9BBPy5UfSOg/Y6cAQac29Aw2/uoyoBbFUBFUKMsvfLg8F0dNxUOsT3IcVlfOJu0g==",
      "cpu": [
        "x64"
      ],
      "dev": true,
      "license": "MIT",
      "optional": true,
      "os": [
        "win32"
      ],
      "engines": {
        "node": "^20.19.0 || >=22.12.0"
      }
    },
    "node_modules/@rolldown/pluginutils": {
      "version": "1.0.0-beta.36",
      "resolved": "https://registry.npmjs.org/@rolldown/pluginutils/-/pluginutils-1.0.0-beta.36.tgz",
      "integrity": "sha512-qa+gfzhv0/Xv52zZInENLu6JbsnSjSExD7kTaNm7Qn5LUIH6IQb7l9pB+NrsU5/Bvt9aqcBTdRGc7x1DYMTiqQ==",
      "dev": true,
      "license": "MIT"
    },
    "node_modules/@rollup/plugin-wasm": {
      "version": "6.2.2",
      "resolved": "https://registry.npmjs.org/@rollup/plugin-wasm/-/plugin-wasm-6.2.2.tgz",
      "integrity": "sha512-gpC4R1G9Ni92ZIRTexqbhX7U+9estZrbhP+9SRb0DW9xpB9g7j34r+J2hqrcW/lRI7dJaU84MxZM0Rt82tqYPQ==",
      "dev": true,
      "license": "MIT",
      "dependencies": {
        "@rollup/pluginutils": "^5.0.2"
      },
      "engines": {
        "node": ">=14.0.0"
      },
      "peerDependencies": {
        "rollup": "^1.20.0||^2.0.0||^3.0.0||^4.0.0"
      },
      "peerDependenciesMeta": {
        "rollup": {
          "optional": true
        }
      }
    },
    "node_modules/@rollup/pluginutils": {
      "version": "5.3.0",
      "resolved": "https://registry.npmjs.org/@rollup/pluginutils/-/pluginutils-5.3.0.tgz",
      "integrity": "sha512-5EdhGZtnu3V88ces7s53hhfK5KSASnJZv8Lulpc04cWO3REESroJXg73DFsOmgbU2BhwV0E20bu2IDZb3VKW4Q==",
      "dev": true,
      "license": "MIT",
      "dependencies": {
        "@types/estree": "^1.0.0",
        "estree-walker": "^2.0.2",
        "picomatch": "^4.0.2"
      },
      "engines": {
        "node": ">=14.0.0"
      },
      "peerDependencies": {
        "rollup": "^1.20.0||^2.0.0||^3.0.0||^4.0.0"
      },
      "peerDependenciesMeta": {
        "rollup": {
          "optional": true
        }
      }
    },
    "node_modules/@tybys/wasm-util": {
      "version": "0.10.0",
      "resolved": "https://registry.npmjs.org/@tybys/wasm-util/-/wasm-util-0.10.0.tgz",
      "integrity": "sha512-VyyPYFlOMNylG45GoAe0xDoLwWuowvf92F9kySqzYh8vmYm7D2u4iUJKa1tOUpS70Ku13ASrOkS4ScXFsTaCNQ==",
      "dev": true,
      "license": "MIT",
      "optional": true,
      "dependencies": {
        "tslib": "^2.4.0"
      }
    },
    "node_modules/@typeberry/bandersnatch": {
      "resolved": "bandersnatch",
      "link": true
    },
    "node_modules/@typeberry/ed25519": {
      "resolved": "ed25519",
      "link": true
    },
    "node_modules/@typeberry/native": {
      "resolved": "native",
      "link": true
    },
    "node_modules/@typeberry/reed-solomon": {
      "resolved": "reed-solomon",
      "link": true
    },
    "node_modules/@types/estree": {
      "version": "1.0.8",
      "resolved": "https://registry.npmjs.org/@types/estree/-/estree-1.0.8.tgz",
      "integrity": "sha512-dWHzHa2WqEXI/O1E9OjrocMTKJl2mSrEolh1Iomrv6U+JuNwaHXsXx9bLu5gG7BUWFIN0skIQJQ/L1rIex4X6w==",
      "dev": true,
      "license": "MIT"
    },
    "node_modules/ansis": {
      "version": "4.1.0",
      "resolved": "https://registry.npmjs.org/ansis/-/ansis-4.1.0.tgz",
      "integrity": "sha512-BGcItUBWSMRgOCe+SVZJ+S7yTRG0eGt9cXAHev72yuGcY23hnLA7Bky5L/xLyPINoSN95geovfBkqoTlNZYa7w==",
      "dev": true,
      "license": "ISC",
      "engines": {
        "node": ">=14"
      }
    },
    "node_modules/estree-walker": {
      "version": "2.0.2",
      "resolved": "https://registry.npmjs.org/estree-walker/-/estree-walker-2.0.2.tgz",
      "integrity": "sha512-Rfkk/Mp/DL7JVje3u18FxFujQlTNR2q6QfMSMB7AvCBx91NGj/ba3kCfza0f6dVDbw7YlRf/nDrn7pQrCCyQ/w==",
      "dev": true,
      "license": "MIT"
    },
    "node_modules/picomatch": {
      "version": "4.0.3",
      "resolved": "https://registry.npmjs.org/picomatch/-/picomatch-4.0.3.tgz",
      "integrity": "sha512-5gTmgEY/sqK6gFXLIsQNH19lWb4ebPDLA4SdLP7dsWkIXHWlG66oPuVvXSGFPppYZz8ZDZq0dYYrbHfBCVUb1Q==",
      "dev": true,
      "license": "MIT",
      "engines": {
        "node": ">=12"
      },
      "funding": {
        "url": "https://github.com/sponsors/jonschlinkert"
      }
    },
    "node_modules/rolldown": {
      "version": "1.0.0-beta.36",
      "resolved": "https://registry.npmjs.org/rolldown/-/rolldown-1.0.0-beta.36.tgz",
      "integrity": "sha512-eethnJ/UfQWg2VWBDDMEu7IDvEh4WPbPb1azPWDCHcuOwoPT9C2NT4Y/ecZztCl9OBzXoA+CXXb5MS+qbukAig==",
      "dev": true,
      "license": "MIT",
      "dependencies": {
        "@oxc-project/runtime": "=0.87.0",
        "@oxc-project/types": "=0.87.0",
        "@rolldown/pluginutils": "1.0.0-beta.36",
        "ansis": "^4.0.0"
      },
      "bin": {
        "rolldown": "bin/cli.mjs"
      },
      "engines": {
        "node": "^20.19.0 || >=22.12.0"
      },
      "optionalDependencies": {
        "@rolldown/binding-android-arm64": "1.0.0-beta.36",
        "@rolldown/binding-darwin-arm64": "1.0.0-beta.36",
        "@rolldown/binding-darwin-x64": "1.0.0-beta.36",
        "@rolldown/binding-freebsd-x64": "1.0.0-beta.36",
        "@rolldown/binding-linux-arm-gnueabihf": "1.0.0-beta.36",
        "@rolldown/binding-linux-arm64-gnu": "1.0.0-beta.36",
        "@rolldown/binding-linux-arm64-musl": "1.0.0-beta.36",
        "@rolldown/binding-linux-x64-gnu": "1.0.0-beta.36",
        "@rolldown/binding-linux-x64-musl": "1.0.0-beta.36",
        "@rolldown/binding-openharmony-arm64": "1.0.0-beta.36",
        "@rolldown/binding-wasm32-wasi": "1.0.0-beta.36",
        "@rolldown/binding-win32-arm64-msvc": "1.0.0-beta.36",
        "@rolldown/binding-win32-ia32-msvc": "1.0.0-beta.36",
        "@rolldown/binding-win32-x64-msvc": "1.0.0-beta.36"
      }
    },
    "node_modules/tslib": {
      "version": "2.8.1",
      "resolved": "https://registry.npmjs.org/tslib/-/tslib-2.8.1.tgz",
      "integrity": "sha512-oJFu94HQb+KVduSUQL7wnpmqnfmLsOA/nAh6b6EH0wCEoK0/mPeXU6c3wKDV83MkOuHPRHtSXKKU99IBazS/2w==",
      "dev": true,
      "license": "0BSD",
      "optional": true
    },
    "node_modules/typescript": {
      "version": "5.6.3",
      "resolved": "https://registry.npmjs.org/typescript/-/typescript-5.6.3.tgz",
      "integrity": "sha512-hjcS1mhfuyi4WW8IWtjP7brDrG2cuDZukyrYrSauoXGNgx0S7zceP07adYkJycEr56BOUTNPzbInooiN3fn1qw==",
      "license": "Apache-2.0",
      "bin": {
        "tsc": "bin/tsc",
        "tsserver": "bin/tsserver"
      },
      "engines": {
        "node": ">=14.17"
      }
    },
    "reed-solomon": {
      "name": "@typeberry/reed-solomon",
      "version": "0.0.1",
      "license": "MPL-2.0"
    }
  }
}
